
Microsoft Visual Studio Solution File, Format Version 12.00
# Visual Studio Version 16
VisualStudioVersion = 16.0.30406.217
MinimumVisualStudioVersion = 10.0.40219.1
Project("{FAE04EC0-301F-11D3-BF4B-00C04F79EFBC}") = "TestTxt", "TestTxt\TestTxt.csproj", "{AF463003-A15E-4217-8A9C-3A189D93B4D7}"
EndProject
Global
	GlobalSection(SolutionConfigurationPlatforms) = preSolution
		Debug|Any CPU = Debug|Any CPU
		Release|Any CPU = Release|Any CPU
	EndGlobalSection
	GlobalSection(ProjectConfigurationPlatforms) = postSolution
		{AF463003-A15E-4217-8A9C-3A189D93B4D7}.Debug|Any CPU.ActiveCfg = Debug|Any CPU
		{AF463003-A15E-4217-8A9C-3A189D93B4D7}.Debug|Any CPU.Build.0 = Debug|Any CPU
		{AF463003-A15E-4217-8A9C-3A189D93B4D7}.Release|Any CPU.ActiveCfg = Release|Any CPU
		{AF463003-A15E-4217-8A9C-3A189D93B4D7}.Release|Any CPU.Build.0 = Release|Any CPU
	EndGlobalSection
	GlobalSection(SolutionProperties) = preSolution
		HideSolutionNode = FALSE
	EndGlobalSection
	GlobalSection(ExtensibilityGlobals) = postSolution
		SolutionGuid = {886148C3-A09A-45CF-AE07-943C422E7A6B}
	EndGlobalSection
EndGlobal
